// !$*UTF8*$!
{
	archiveVersion = 1;
	classes = {
	};
	objectVersion = 46;
	objects = {

/* Begin PBXBuildFile section */
		602008D81D352CD3000CFD97 /* AppDelegate.swift in Sources */ = {isa = PBXBuildFile; fileRef = 602008D71D352CD3000CFD97 /* AppDelegate.swift */; };
		602008DA1D352CD3000CFD97 /* ViewController.swift in Sources */ = {isa = PBXBuildFile; fileRef = 602008D91D352CD3000CFD97 /* ViewController.swift */; };
		602008DD1D352CD3000CFD97 /* Main.storyboard in Resources */ = {isa = PBXBuildFile; fileRef = 602008DB1D352CD3000CFD97 /* Main.storyboard */; };
		602008DF1D352CD3000CFD97 /* Assets.xcassets in Resources */ = {isa = PBXBuildFile; fileRef = 602008DE1D352CD3000CFD97 /* Assets.xcassets */; };
		602008E21D352CD3000CFD97 /* LaunchScreen.storyboard in Resources */ = {isa = PBXBuildFile; fileRef = 602008E01D352CD3000CFD97 /* LaunchScreen.storyboard */; };
/* End PBXBuildFile section */

/* Begin PBXFileReference section */
		602008D41D352CD3000CFD97 /* ProvaCustomNavItem.app */ = {isa = PBXFileReference; explicitFileType = wrapper.application; includeInIndex = 0; path = ProvaCustomNavItem.app; sourceTree = BUILT_PRODUCTS_DIR; };
		602008D71D352CD3000CFD97 /* AppDelegate.swift */ = {isa = PBXFileReference; lastKnownFileType = sourcecode.swift; path = AppDelegate.swift; sourceTree = "<group>"; };
		602008D91D352CD3000CFD97 /* ViewController.swift */ = {isa = PBXFileReference; lastKnownFileType = sourcecode.swift; path = ViewController.swift; sourceTree = "<group>"; };
		602008DC1D352CD3000CFD97 /* Base */ = {isa = PBXFileReference; lastKnownFileType = file.storyboard; name = Base; path = Base.lproj/Main.storyboard; sourceTree = "<group>"; };
		602008DE1D352CD3000CFD97 /* Assets.xcassets */ = {isa = PBXFileReference; lastKnownFileType = folder.assetcatalog; path = Assets.xcassets; sourceTree = "<group>"; };
		602008E11D352CD3000CFD97 /* Base */ = {isa = PBXFileReference; lastKnownFileType = file.storyboard; name = Base; path = Base.lproj/LaunchScreen.storyboard; sourceTree = "<group>"; };
		602008E31D352CD3000CFD97 /* Info.plist */ = {isa = PBXFileReference; lastKnownFileType = text.plist.xml; path = Info.plist; sourceTree = "<group>"; };
/* End PBXFileReference section */

/* Begin PBXFrameworksBuildPhase section */
		602008D11D352CD3000CFD97 /* Frameworks */ = {
			isa = PBXFrameworksBuildPhase;
			buildActionMask = 2147483647;
			files = (
			);
			runOnlyForDeploymentPostprocessing = 0;
		};
/* End PBXFrameworksBuildPhase section */

/* Begin PBXGroup section */
		602008CB1D352CD3000CFD97 = {
			isa = PBXGroup;
			children = (
				602008D61D352CD3000CFD97 /* ProvaCustomNavItem */,
				602008D51D352CD3000CFD97 /* Products */,
			);
			sourceTree = "<group>";
		};
		602008D51D352CD3000CFD97 /* Products */ = {
			isa = PBXGroup;
			children = (
				602008D41D352CD3000CFD97 /* ProvaCustomNavItem.app */,
			);
			name = Products;
			sourceTree = "<group>";
		};
		602008D61D352CD3000CFD97 /* ProvaCustomNavItem */ = {
			isa = PBXGroup;
			children = (
				602008D71D352CD3000CFD97 /* AppDelegate.swift */,
				602008D91D352CD3000CFD97 /* ViewController.swift */,
				602008DB1D352CD3000CFD97 /* Main.storyboard */,
				602008DE1D352CD3000CFD97 /* Assets.xcassets */,
				602008E01D352CD3000CFD97 /* LaunchScreen.storyboard */,
				602008E31D352CD3000CFD97 /* Info.plist */,
			);
			path = ProvaCustomNavItem;
			sourceTree = "<group>";
		};
/* End PBXGroup section */

/* Begin PBXNativeTarget section */
		602008D31D352CD3000CFD97 /* ProvaCustomNavItem */ = {
			isa = PBXNativeTarget;
			buildConfigurationList = 602008E61D352CD3000CFD97 /* Build configuration list for PBXNativeTarget "ProvaCustomNavItem" */;
			buildPhases = (
				602008D01D352CD3000CFD97 /* Sources */,
				602008D11D352CD3000CFD97 /* Frameworks */,
				602008D21D352CD3000CFD97 /* Resources */,
			);
			buildRules = (
			);
			dependencies = (
			);
			name = ProvaCustomNavItem;
			productName = ProvaCustomNavItem;
			productReference = 602008D41D352CD3000CFD97 /* ProvaCustomNavItem.app */;
			productType = "com.apple.product-type.application";
		};
/* End PBXNativeTarget section */

/* Begin PBXProject section */
		602008CC1D352CD3000CFD97 /* Project object */ = {
			isa = PBXProject;
			attributes = {
				LastSwiftUpdateCheck = 0730;
				LastUpgradeCheck = 0730;
				ORGANIZATIONNAME = Cinello;
				TargetAttributes = {
					602008D31D352CD3000CFD97 = {
						CreatedOnToolsVersion = 7.3;
					};
				};
			};
			buildConfigurationList = 602008CF1D352CD3000CFD97 /* Build configuration list for PBXProject "ProvaCustomNavItem" */;
			compatibilityVersion = "Xcode 3.2";
			developmentRegion = English;
			hasScannedForEncodings = 0;
			knownRegions = (
				en,
				Base,
			);
			mainGroup = 602008CB1D352CD3000CFD97;
			productRefGroup = 602008D51D352CD3000CFD97 /* Products */;
			projectDirPath = "";
			projectRoot = "";
			targets = (
				602008D31D352CD3000CFD97 /* ProvaCustomNavItem */,
			);
		};
/* End PBXProject section */

/* Begin PBXResourcesBuildPhase section */
		602008D21D352CD3000CFD97 /* Resources */ = {
			isa = PBXResourcesBuildPhase;
			buildActionMask = 2147483647;
			files = (
				602008E21D352CD3000CFD97 /* LaunchScreen.storyboard in Resources */,
				602008DF1D352CD3000CFD97 /* Assets.xcassets in Resources */,
				602008DD1D352CD3000CFD97 /* Main.storyboard in Resources */,
			);
			runOnlyForDeploymentPostprocessing = 0;
		};
/* End PBXResourcesBuildPhase section */

/* Begin PBXSourcesBuildPhase section */
		602008D01D352CD3000CFD97 /* Sources */ = {
			isa = PBXSourcesBuildPhase;
			buildActionMask = 2147483647;
			files = (
				602008DA1D352CD3000CFD97 /* ViewController.swift in Sources */,
				602008D81D352CD3000CFD97 /* AppDelegate.swift in Sources */,
			);
			runOnlyForDeploymentPostprocessing = 0;
		};
/* End PBXSourcesBuildPhase section */

/* Begin PBXVariantGroup section */
		602008DB1D352CD3000CFD97 /* Main.storyboard */ = {
			isa = PBXVariantGroup;
			children = (
				602008DC1D352CD3000CFD97 /* Base */,
			);
			name = Main.storyboard;
			sourceTree = "<group>";
		};
		602008E01D352CD3000CFD97 /* LaunchScreen.storyboard */ = {
			isa = PBXVariantGroup;
			children = (
				602008E11D352CD3000CFD97 /* Base */,
			);
			name = LaunchScreen.storyboard;
			sourceTree = "<group>";
		};
/* End PBXVariantGroup section */

/* Begin XCBuildConfiguration section */
		602008E41D352CD3000CFD97 /* Debug */ = {
			isa = XCBuildConfiguration;
			buildSettings = {
				ALWAYS_SEARCH_USER_PATHS = NO;
				CLANG_ANALYZER_NONNULL = YES;
				CLANG_CXX_LANGUAGE_STANDARD = "gnu++0x";
				CLANG_CXX_LIBRARY = "libc++";
				CLANG_ENABLE_MODULES = YES;
				CLANG_ENABLE_OBJC_ARC = YES;
				CLANG_WARN_BOOL_CONVERSION = YES;
				CLANG_WARN_CONSTANT_CONVERSION = YES;
				CLANG_WARN_DIRECT_OBJC_ISA_USAGE = YES_ERROR;
				CLANG_WARN_EMPTY_BODY = YES;
				CLANG_WARN_ENUM_CONVERSION = YES;
				CLANG_WARN_INT_CONVERSION = YES;
				CLANG_WARN_OBJC_ROOT_CLASS = YES_ERROR;
				CLANG_WARN_UNREACHABLE_CODE = YES;
				CLANG_WARN__DUPLICATE_METHOD_MATCH = YES;
				"CODE_SIGN_IDENTITY[sdk=iphoneos*]" = "iPhone Developer";
				COPY_PHASE_STRIP = NO;
				DEBUG_INFORMATION_FORMAT = dwarf;
				ENABLE_STRICT_OBJC_MSGSEND = YES;
				ENABLE_TESTABILITY = YES;
				GCC_C_LANGUAGE_STANDARD = gnu99;
				GCC_DYNAMIC_NO_PIC = NO;
				GCC_NO_COMMON_BLOCKS = YES;
				GCC_OPTIMIZATION_LEVEL = 0;
				GCC_PREPROCESSOR_DEFINITIONS = (
					"DEBUG=1",
					"$(inherited)",
				);
				GCC_WARN_64_TO_32_BIT_CONVERSION = YES;
				GCC_WARN_ABOUT_RETURN_TYPE = YES_ERROR;
				GCC_WARN_UNDECLARED_SELECTOR = YES;
				GCC_WARN_UNINITIALIZED_AUTOS = YES_AGGRESSIVE;
				GCC_WARN_UNUSED_FUNCTION = YES;
				GCC_WARN_UNUSED_VARIABLE = YES;
				IPHONEOS_DEPLOYMENT_TARGET = 9.3;
				MTL_ENABLE_DEBUG_INFO = YES;
				ONLY_ACTIVE_ARCH = YES;
				SDKROOT = iphoneos;
				SWIFT_OPTIMIZATION_LEVEL = "-Onone";
			};
			name = Debug;
		};
		602008E51D352CD3000CFD97 /* Release */ = {
			isa = XCBuildConfiguration;
			buildSettings = {
				ALWAYS_SEARCH_USER_PATHS = NO;
				CLANG_ANALYZER_NONNULL = YES;
				CLANG_CXX_LANGUAGE_STANDARD = "gnu++0x";
				CLANG_CXX_LIBRARY = "libc++";
				CLANG_ENABLE_MODULES = YES;
				CLANG_ENABLE_OBJC_ARC = YES;
				CLANG_WARN_BOOL_CONVERSION = YES;
				CLANG_WARN_CONSTANT_CONVERSION = YES;
				CLANG_WARN_DIRECT_OBJC_ISA_USAGE = YES_ERROR;
				CLANG_WARN_EMPTY_BODY = YES;
				CLANG_WARN_ENUM_CONVERSION = YES;
				CLANG_WARN_INT_CONVERSION = YES;
				CLANG_WARN_OBJC_ROOT_CLASS = YES_ERROR;
				CLANG_WARN_UNREACHABLE_CODE = YES;
				CLANG_WARN__DUPLICATE_METHOD_MATCH = YES;
				"CODE_SIGN_IDENTITY[sdk=iphoneos*]" = "iPhone Developer";
				COPY_PHASE_STRIP = NO;
				DEBUG_INFORMATION_FORMAT = "dwarf-with-dsym";
				ENABLE_NS_ASSERTIONS = NO;
				ENABLE_STRICT_OBJC_MSGSEND = YES;
				GCC_C_LANGUAGE_STANDARD = gnu99;
				GCC_NO_COMMON_BLOCKS = YES;
				GCC_WARN_64_TO_32_BIT_CONVERSION = YES;
				GCC_WARN_ABOUT_RETURN_TYPE = YES_ERROR;
				GCC_WARN_UNDECLARED_SELECTOR = YES;
				GCC_WARN_UNINITIALIZED_AUTOS = YES_AGGRESSIVE;
				GCC_WARN_UNUSED_FUNCTION = YES;
				GCC_WARN_UNUSED_VARIABLE = YES;
				IPHONEOS_DEPLOYMENT_TARGET = 9.3;
				MTL_ENABLE_DEBUG_INFO = NO;
				SDKROOT = iphoneos;
				VALIDATE_PRODUCT = YES;
			};
			name = Release;
		};
		602008E71D352CD3000CFD97 /* Debug */ = {
			isa = XCBuildConfiguration;
			buildSettings = {
				ASSETCATALOG_COMPILER_APPICON_NAME = AppIcon;
				INFOPLIST_FILE = ProvaCustomNavItem/Info.plist;
				LD_RUNPATH_SEARCH_PATHS = "$(inherited) @executable_path/Frameworks";
				PRODUCT_BUNDLE_IDENTIFIER = squarelab.ProvaCustomNavItem;
				PRODUCT_NAME = "$(TARGET_NAME)";
			};
			name = Debug;
		};
		602008E81D352CD3000CFD97 /* Release */ = {
			isa = XCBuildConfiguration;
			buildSettings = {
				ASSETCATALOG_COMPILER_APPICON_NAME = AppIcon;
				INFOPLIST_FILE = ProvaCustomNavItem/Info.plist;
				LD_RUNPATH_SEARCH_PATHS = "$(inherited) @executable_path/Frameworks";
				PRODUCT_BUNDLE_IDENTIFIER = squarelab.ProvaCustomNavItem;
				PRODUCT_NAME = "$(TARGET_NAME)";
			};
			name = Release;
		};
/* End XCBuildConfiguration section */

/* Begin XCConfigurationList section */
		602008CF1D352CD3000CFD97 /* Build configuration list for PBXProject "ProvaCustomNavItem" */ = {
			isa = XCConfigurationList;
			buildConfigurations = (
				602008E41D352CD3000CFD97 /* Debug */,
				602008E51D352CD3000CFD97 /* Release */,
			);
			defaultConfigurationIsVisible = 0;
			defaultConfigurationName = Release;
		};
		602008E61D352CD3000CFD97 /* Build configuration list for PBXNativeTarget "ProvaCustomNavItem" */ = {
			isa = XCConfigurationList;
			buildConfigurations = (
				602008E71D352CD3000CFD97 /* Debug */,
				602008E81D352CD3000CFD97 /* Release */,
			);
			defaultConfigurationIsVisible = 0;
		};
/* End XCConfigurationList section */
	};
	rootObject = 602008CC1D352CD3000CFD97 /* Project object */;
}
